# This file is automatically @generated by Poetry 1.6.1 and should not be changed by hand.

[[package]]
name = "cramjam"
version = "2.7.0"
description = "Thin Python bindings to de/compression algorithms in Rust"
optional = false
python-versions = ">=3.7"
files = [
    {file = "cramjam-2.7.0-cp310-cp310-macosx_10_7_x86_64.whl", hash = "sha256:aac9d49e16f473ceb4eaf74a53180eac3363127f01855c39122b400a988e80bf"},
    {file = "cramjam-2.7.0-cp310-cp310-macosx_10_9_x86_64.macosx_11_0_arm64.macosx_10_9_universal2.whl", hash = "sha256:a08dcb7c7b54f82db4ee9120aaace06326499c0d4108770ee7ac63d7bd1d803d"},
    {file = "cramjam-2.7.0-cp310-cp310-manylinux_2_17_aarch64.manylinux2014_aarch64.whl", hash = "sha256:d5c411d785cec410d4164e4ecc76b6c152761fbb61325bcc4acbdc8926874c0b"},
    {file = "cramjam-2.7.0-cp310-cp310-manylinux_2_17_armv7l.manylinux2014_armv7l.whl", hash = "sha256:d07c5af763501bd23523658aeb535082eaac014746f7973df85f76b0d9b40967"},
    {file = "cramjam-2.7.0-cp310-cp310-manylinux_2_17_ppc64le.manylinux2014_ppc64le.whl", hash = "sha256:a7f93316abc1abfd348b04afc6cadbbd4fba44cd91e7b9803c9330045a7a1885"},
    {file = "cramjam-2.7.0-cp310-cp310-manylinux_2_17_s390x.manylinux2014_s390x.whl", hash = "sha256:4d56afb5f278a18743a218514825b6ab176f18a4084d8f6515c64e3acef19478"},
    {file = "cramjam-2.7.0-cp310-cp310-manylinux_2_17_x86_64.manylinux2014_x86_64.whl", hash = "sha256:8ea1c781d3760df0b6ad80b7b19dc8e038e0638fb1cfabc68da96cedb8d0adca"},
    {file = "cramjam-2.7.0-cp310-cp310-manylinux_2_5_i686.manylinux1_i686.whl", hash = "sha256:f3544ea95d0e98ac926d92d652adc417e78091117cbe2ef7733e26c40601604c"},
    {file = "cramjam-2.7.0-cp310-none-win32.whl", hash = "sha256:0ffb891294e77f2a3b0137992ebd6eb9b1f1bc3728d7d4314632e30270855117"},
    {file = "cramjam-2.7.0-cp310-none-win_amd64.whl", hash = "sha256:79c36d95e89b43c29595c889c7a4d30d29aefc55d7c58a26a058b9bbe7abd5cf"},
    {file = "cramjam-2.7.0-cp311-cp311-macosx_10_7_x86_64.whl", hash = "sha256:71bf6a6632648333c402a8692fe61f45416066eb0d8b7f4530cdf37fee221a11"},
    {file = "cramjam-2.7.0-cp311-cp311-macosx_10_9_x86_64.macosx_11_0_arm64.macosx_10_9_universal2.whl", hash = "sha256:bee04fd1cdd5f2a2e91e4b271f22e228c698fe7b7f8ef209374d717f7889e80c"},
    {file = "cramjam-2.7.0-cp311-cp311-manylinux_2_17_aarch64.manylinux2014_aarch64.whl", hash = "sha256:60951e64d3e05ef2a46d2a92fc4e4563ae5e28bb3b6f231f2dca68a5078a72dc"},
    {file = "cramjam-2.7.0-cp311-cp311-manylinux_2_17_armv7l.manylinux2014_armv7l.whl", hash = "sha256:e6231fd3ac680c34c0d8405abfa8c3d12f92e28d0897d960aa905f053cc09e63"},
    {file = "cramjam-2.7.0-cp311-cp311-manylinux_2_17_ppc64le.manylinux2014_ppc64le.whl", hash = "sha256:c2602c42ed101ada634fa37253d40946f0468b2b749689781cba715a7d78038e"},
    {file = "cramjam-2.7.0-cp311-cp311-manylinux_2_17_s390x.manylinux2014_s390x.whl", hash = "sha256:fbc59b223750a901d65d96333461ab17076594fa34448ed2ef911bd4b628f068"},
    {file = "cramjam-2.7.0-cp311-cp311-manylinux_2_17_x86_64.manylinux2014_x86_64.whl", hash = "sha256:fab800ed93fb129d85c63f26660b695fb194efb29765a163f269321778e28a8d"},
    {file = "cramjam-2.7.0-cp311-cp311-manylinux_2_5_i686.manylinux1_i686.whl", hash = "sha256:0b48b11c328d91250dadc63c00753f5ba26eb9df5fe75ba2ce8a78631260479d"},
    {file = "cramjam-2.7.0-cp311-none-win32.whl", hash = "sha256:bef07e7d4607c4d70627e58eb630fe60e48b80a61ab05b33314e3296eb90af78"},
    {file = "cramjam-2.7.0-cp311-none-win_amd64.whl", hash = "sha256:3f2e41dc8143d0e88ec9ba3ff66c8d2aea486b04931119abe9e394f9961d74bc"},
    {file = "cramjam-2.7.0-cp312-cp312-macosx_10_7_x86_64.whl", hash = "sha256:8e82276b120000834af3f776cbe22ac3016cd9e0ed00e7f3fb31e2ce95e17181"},
    {file = "cramjam-2.7.0-cp312-cp312-macosx_10_9_x86_64.macosx_11_0_arm64.macosx_10_9_universal2.whl", hash = "sha256:2b5a463b01d8867f78a361defb4fadca63635965e8204f7e2409b717d85f0c1d"},
    {file = "cramjam-2.7.0-cp312-cp312-manylinux_2_17_aarch64.manylinux2014_aarch64.whl", hash = "sha256:b84565611f36ee8c3944b96bb01ee4d44c101acf84f1430c9414986ab3a7fb03"},
    {file = "cramjam-2.7.0-cp312-cp312-manylinux_2_17_armv7l.manylinux2014_armv7l.whl", hash = "sha256:3cd45d09229960a89e0e3bbf71d29ac399391446f51279f3202846d7da106eb7"},
    {file = "cramjam-2.7.0-cp312-cp312-manylinux_2_17_ppc64le.manylinux2014_ppc64le.whl", hash = "sha256:4bb065d054e49645414bc84eaa49a6b7ed6c7185fb8ba2648c518344cf481144"},
    {file = "cramjam-2.7.0-cp312-cp312-manylinux_2_17_s390x.manylinux2014_s390x.whl", hash = "sha256:9a3f45cd17730c00358643a814d5921a31c8a0d238582e08594fa86fdbc8401c"},
    {file = "cramjam-2.7.0-cp312-cp312-manylinux_2_17_x86_64.manylinux2014_x86_64.whl", hash = "sha256:6bf4ec082a7647ed7463c5e0bd176850a9f013c258ad98f53055bcd1716c7fac"},
    {file = "cramjam-2.7.0-cp312-cp312-manylinux_2_5_i686.manylinux1_i686.whl", hash = "sha256:9f9e403be6307e98a47cc7d0132fe1fe4683c873c5d7d9da099fbac9c299a4b0"},
    {file = "cramjam-2.7.0-cp312-none-win32.whl", hash = "sha256:fd2e81c69baacb95fa28cdf844f714d7c03f0c805f4fa2decc5e9565e6b4405d"},
    {file = "cramjam-2.7.0-cp312-none-win_amd64.whl", hash = "sha256:831951a3eccebd5911387e3fff14483747d3dae5ad496afbd50447ffe2d03dba"},
    {file = "cramjam-2.7.0-cp37-cp37m-macosx_10_7_x86_64.whl", hash = "sha256:d143ccb3f5aae640f0c2dd6244d43f5e5e81d847b50c2eb9f08dcc3dc33f367a"},
    {file = "cramjam-2.7.0-cp37-cp37m-manylinux_2_17_aarch64.manylinux2014_aarch64.whl", hash = "sha256:47ae97247a58d3095be800420bba7e43cc6958e67f9dfddd12decdb4c99c4d6f"},
    {file = "cramjam-2.7.0-cp37-cp37m-manylinux_2_17_armv7l.manylinux2014_armv7l.whl", hash = "sha256:6a8f0fd14bd11f2a625e5c554fd93c7775082c31ffd9fbabb4fe9db3031645d0"},
    {file = "cramjam-2.7.0-cp37-cp37m-manylinux_2_17_ppc64le.manylinux2014_ppc64le.whl", hash = "sha256:89b683919ffc846b91b405d5f14df8a2ba1167f4ed9277150298fbe91a3d4aae"},
    {file = "cramjam-2.7.0-cp37-cp37m-manylinux_2_17_s390x.manylinux2014_s390x.whl", hash = "sha256:66d6a7906fbe8c2e46e987d5a3a9cb235e931b3e4721ac7d8573151c419e3f73"},
    {file = "cramjam-2.7.0-cp37-cp37m-manylinux_2_17_x86_64.manylinux2014_x86_64.whl", hash = "sha256:272ab041e95e4088321bffd63ead85d32f86f9fc79f37944663abb59e7fecbb1"},
    {file = "cramjam-2.7.0-cp37-cp37m-manylinux_2_5_i686.manylinux1_i686.whl", hash = "sha256:9698ed7fe78b4de81dcee0624311ee93a4436f0b3e3c6b147a6745a3fd210272"},
    {file = "cramjam-2.7.0-cp37-none-win32.whl", hash = "sha256:5e3869a2ecb7764f18e81afa07aa15a6f28921ae4508ab002314aafecfe7a285"},
    {file = "cramjam-2.7.0-cp37-none-win_amd64.whl", hash = "sha256:58bf5b4dd8f1edaa3bd66b51a26790115efa36cebf66a198a60d095739010b36"},
    {file = "cramjam-2.7.0-cp38-cp38-macosx_10_7_x86_64.whl", hash = "sha256:1bfd9e9f050a4ef82644a5443742bd6e4d41afc201d5142dfbb5ac73a4f96b94"},
    {file = "cramjam-2.7.0-cp38-cp38-macosx_10_9_x86_64.macosx_11_0_arm64.macosx_10_9_universal2.whl", hash = "sha256:e8b8b968db6a6ec03de231ca17536f8cd69d74e36f0e47e68391a22231c0042c"},
    {file = "cramjam-2.7.0-cp38-cp38-manylinux_2_17_aarch64.manylinux2014_aarch64.whl", hash = "sha256:820421600d395d0e11b9da1e983acde453637090f5a15abb45f5182cd35f9c3a"},
    {file = "cramjam-2.7.0-cp38-cp38-manylinux_2_17_armv7l.manylinux2014_armv7l.whl", hash = "sha256:5f8d684a8b918e289bd213d55ea5f67dbf6cc379492e2a7e094724ec62846dea"},
    {file = "cramjam-2.7.0-cp38-cp38-manylinux_2_17_ppc64le.manylinux2014_ppc64le.whl", hash = "sha256:4f48e35701528beed092d97c5a1a6ba6c8902c3485d7e3a55c463162bb66afa0"},
    {file = "cramjam-2.7.0-cp38-cp38-manylinux_2_17_s390x.manylinux2014_s390x.whl", hash = "sha256:241b9853de56524895c17541d34bdcdd316261247253cb9faeb57a21cc2ae28c"},
    {file = "cramjam-2.7.0-cp38-cp38-manylinux_2_17_x86_64.manylinux2014_x86_64.whl", hash = "sha256:7b0fa1f8600fdf093a4e5eac5dc56084047abec50d589a8121618e3fb1f9de3f"},
    {file = "cramjam-2.7.0-cp38-cp38-manylinux_2_5_i686.manylinux1_i686.whl", hash = "sha256:01573d3c05f75845af75f87d9f6d4d995ee48fafc9c9662679d944c71e658c59"},
    {file = "cramjam-2.7.0-cp38-none-win32.whl", hash = "sha256:44e262f083a0d1c19bc7b8bf8aaa54d31653eab67762cdaeb68fb40b844d50b9"},
    {file = "cramjam-2.7.0-cp38-none-win_amd64.whl", hash = "sha256:2645f0e01735231e3c4d1568c95cc00ed477c1c2e2ed45cb123bef2ccbe72282"},
    {file = "cramjam-2.7.0-cp39-cp39-macosx_10_7_x86_64.whl", hash = "sha256:f52718e1c7aed3d0e3ffbbe5c085d9c449daa726379788ddb27cb62ffc2b6ba1"},
    {file = "cramjam-2.7.0-cp39-cp39-macosx_10_9_x86_64.macosx_11_0_arm64.macosx_10_9_universal2.whl", hash = "sha256:ee4bc46e5cf87d6097833bca33a66f2724b4773242a71ed642d13682fedefb71"},
    {file = "cramjam-2.7.0-cp39-cp39-manylinux_2_17_aarch64.manylinux2014_aarch64.whl", hash = "sha256:dd77e784289fc44a5e6487b2e263f07cc271f25a8395e97213b6a934fe47a768"},
    {file = "cramjam-2.7.0-cp39-cp39-manylinux_2_17_armv7l.manylinux2014_armv7l.whl", hash = "sha256:53ac8df43546d3f70acbc5c17424a8c083418bd6d2cacfbd5108aaa8f3eb26db"},
    {file = "cramjam-2.7.0-cp39-cp39-manylinux_2_17_ppc64le.manylinux2014_ppc64le.whl", hash = "sha256:ca6309d06edf29a9a5c22e25d1d7f7609abb8ae7281583bc486afb19fd645898"},
    {file = "cramjam-2.7.0-cp39-cp39-manylinux_2_17_s390x.manylinux2014_s390x.whl", hash = "sha256:2a96ff622f0db7f89d7c9aeadd9cc0c9bf61e804841a03a22ca919aa4955640d"},
    {file = "cramjam-2.7.0-cp39-cp39-manylinux_2_17_x86_64.manylinux2014_x86_64.whl", hash = "sha256:ebc87176851c50c5aaf6bacafb6bed5a86e3b4ee6a749d6ec13f3d37ae0e951a"},
    {file = "cramjam-2.7.0-cp39-cp39-manylinux_2_5_i686.manylinux1_i686.whl", hash = "sha256:f9340c70d95ea102cf51a07ecc09f93f1363e585d97b5276734a5f8c4476e560"},
    {file = "cramjam-2.7.0-cp39-none-win32.whl", hash = "sha256:3d5ed0fa20b42e063ef66ad01d9948e868bbfc327bf86604e078b67f074f76f3"},
    {file = "cramjam-2.7.0-cp39-none-win_amd64.whl", hash = "sha256:7e44dda432a8c8a47cb73869201d2f9777604bd913d859def84c659fb736cfd3"},
    {file = "cramjam-2.7.0-pp37-pypy37_pp73-macosx_10_7_x86_64.whl", hash = "sha256:22927dbdda85d8719074e061f9ec024c9bf16088e5e4c6c1c134c46e2d9153b7"},
    {file = "cramjam-2.7.0-pp37-pypy37_pp73-manylinux_2_17_aarch64.manylinux2014_aarch64.whl", hash = "sha256:ee80ebd85acec1031e7563cce3de3961bd3f2ec8947c5bf84a9356b25af67a75"},
    {file = "cramjam-2.7.0-pp37-pypy37_pp73-manylinux_2_17_x86_64.manylinux2014_x86_64.whl", hash = "sha256:91bb03ca0d3857f319afd13525d5c6214a55aa49778ce46a02c16f0eee37907c"},
    {file = "cramjam-2.7.0-pp38-pypy38_pp73-macosx_10_7_x86_64.whl", hash = "sha256:202e4a5a496ea49d0bb5252fbee8b6e421d256968773c7a8b3e86d98eec9228e"},
    {file = "cramjam-2.7.0-pp38-pypy38_pp73-manylinux_2_17_aarch64.manylinux2014_aarch64.whl", hash = "sha256:19c44de9dee2ea0c586a5b12adc9bc28224544717bce88a94c3ee202b9ece25d"},
    {file = "cramjam-2.7.0-pp38-pypy38_pp73-manylinux_2_17_x86_64.manylinux2014_x86_64.whl", hash = "sha256:03a72a689c93b8a2c7c08b529c1224c47bd469722e559af231016694b90f6442"},
    {file = "cramjam-2.7.0-pp39-pypy39_pp73-macosx_10_7_x86_64.whl", hash = "sha256:fbffb1f63edf4cb4272a25de288c2f2e20914bb93e003883656774e61794b960"},
    {file = "cramjam-2.7.0-pp39-pypy39_pp73-manylinux_2_17_aarch64.manylinux2014_aarch64.whl", hash = "sha256:df46019cb999d874ce86e08d71d7d2983c052d6a63f7aa6bce960e4e05e8ea37"},
    {file = "cramjam-2.7.0-pp39-pypy39_pp73-manylinux_2_17_x86_64.manylinux2014_x86_64.whl", hash = "sha256:44fe99233ef2f42ff03d8395e7d97e0c45306eb356f6f01fa69bdb49783fdb8a"},
    {file = "cramjam-2.7.0.tar.gz", hash = "sha256:579fb724eec048b1a18ca8f7ad9a7ef296dc02eba5f87fd4d5031f0c32c5c9ac"},
]

[package.extras]
dev = ["black (==22.3.0)", "hypothesis", "numpy", "pytest (>=5.30)", "pytest-xdist"]

[[package]]
name = "fastparquet"
version = "2023.10.1"
description = "Python support for Parquet file format"
optional = false
python-versions = ">=3.8"
files = [
    {file = "fastparquet-2023.10.1-cp310-cp310-macosx_10_9_universal2.whl", hash = "sha256:75a00475e96d26214dace147b27ab782da7a0ae230cade05ea9181c3aec2e637"},
    {file = "fastparquet-2023.10.1-cp310-cp310-macosx_11_0_arm64.whl", hash = "sha256:af0c1d5559aa0a4fff8eb3b301c8177b6813bb15fe9d2007ad0dc89f8fa519c5"},
    {file = "fastparquet-2023.10.1-cp310-cp310-manylinux_2_17_aarch64.manylinux2014_aarch64.whl", hash = "sha256:b798cdfa8f01cd573b135a493a4d0686ebbcd3a412d6e59889a7ae41ff90efeb"},
    {file = "fastparquet-2023.10.1-cp310-cp310-manylinux_2_17_x86_64.manylinux2014_x86_64.whl", hash = "sha256:a746f521da7459707899fc33b334b2d21f590380f472fc27642f3ef28ee451d2"},
    {file = "fastparquet-2023.10.1-cp310-cp310-manylinux_2_5_i686.manylinux1_i686.manylinux_2_17_i686.manylinux2014_i686.whl", hash = "sha256:e86d64898e846ed0f5745427436e5772fd7bb5d9a930f1dca8233e90385e126b"},
    {file = "fastparquet-2023.10.1-cp310-cp310-musllinux_1_1_i686.whl", hash = "sha256:5c3afafd4a0907216f5ee4f835f47ad16b84c5dede4c5ca4c0754dffe3eb72d7"},
    {file = "fastparquet-2023.10.1-cp310-cp310-musllinux_1_1_x86_64.whl", hash = "sha256:68d26a1172be5b02018f6c28603f195807955d8262b913349385d977f3ae081f"},
    {file = "fastparquet-2023.10.1-cp310-cp310-win_amd64.whl", hash = "sha256:b7086ca3a0d8ae8680b380da9b7057a1491d629945b1dd228eba5b362e2e39aa"},
    {file = "fastparquet-2023.10.1-cp311-cp311-macosx_10_9_universal2.whl", hash = "sha256:7f8d53f5e5049b21893964cd27154c2a7c8180f3ffd1f2693f80e0f834a3a35e"},
    {file = "fastparquet-2023.10.1-cp311-cp311-macosx_11_0_arm64.whl", hash = "sha256:ea74f28494fda892641a564f728d046a074fdea5b9ff664ef9554c0da563bad4"},
    {file = "fastparquet-2023.10.1-cp311-cp311-manylinux_2_17_aarch64.manylinux2014_aarch64.whl", hash = "sha256:ab978612d21630033df0a0b12423ed826fe36e83a1710b155968c3c6e2b3174a"},
    {file = "fastparquet-2023.10.1-cp311-cp311-manylinux_2_17_x86_64.manylinux2014_x86_64.whl", hash = "sha256:efc30c502feaa67c058c496eb4a734eba8bd373f0d24a32cc69360c79f7220ef"},
    {file = "fastparquet-2023.10.1-cp311-cp311-manylinux_2_5_i686.manylinux1_i686.manylinux_2_17_i686.manylinux2014_i686.whl", hash = "sha256:99568ae6bbbd973b32d796cb664ba156b101e5d1931dba780fe2dc0d9b227dfd"},
    {file = "fastparquet-2023.10.1-cp311-cp311-musllinux_1_1_i686.whl", hash = "sha256:53b9ad8d646c2609854cbe7d7b17be343664cabae1cd0eb119011e389df8484d"},
    {file = "fastparquet-2023.10.1-cp311-cp311-musllinux_1_1_x86_64.whl", hash = "sha256:b2a9ee49039223a1e216c409c25072be1f362de27197cbec5f90cf2e736df3b0"},
    {file = "fastparquet-2023.10.1-cp311-cp311-win_amd64.whl", hash = "sha256:9133d2f975c6e05187be4b558060e6a4aafeba02dceaf849cf6ad46d32e59405"},
    {file = "fastparquet-2023.10.1-cp312-cp312-macosx_10_9_universal2.whl", hash = "sha256:b826696cd48f1defb6fcafb4c9798102233e54f3f3491251c034dde3d94f420a"},
    {file = "fastparquet-2023.10.1-cp312-cp312-macosx_11_0_arm64.whl", hash = "sha256:bf2d58bee17e0eea8565c2bcd2b339ee032472751651e21f000eb564ad3cd5cf"},
    {file = "fastparquet-2023.10.1-cp312-cp312-manylinux_2_17_aarch64.manylinux2014_aarch64.whl", hash = "sha256:9296098d06c6692ee477fe491381eda39fc0dcfe2fce210496491fe16ce27ef8"},
    {file = "fastparquet-2023.10.1-cp312-cp312-manylinux_2_17_x86_64.manylinux2014_x86_64.whl", hash = "sha256:c975d648ea491e684135e9e3c0a15b440d66d0772fe497269e5c9c4eaaeb62a2"},
    {file = "fastparquet-2023.10.1-cp312-cp312-musllinux_1_1_x86_64.whl", hash = "sha256:4c5208db1f38c8ac5f50f309f77bdb828fa7f247b82e2df88d847ad3bec38903"},
    {file = "fastparquet-2023.10.1-cp38-cp38-macosx_10_9_universal2.whl", hash = "sha256:118d1832ed2098f313936044012083c8c1b07da85ee11612895f3c4ef27bfd8a"},
    {file = "fastparquet-2023.10.1-cp38-cp38-macosx_11_0_arm64.whl", hash = "sha256:35cff597d2778b6fe8ef7dc36cba056cd7337151dbfc2fb08abaa6b109c75140"},
    {file = "fastparquet-2023.10.1-cp38-cp38-manylinux_2_17_aarch64.manylinux2014_aarch64.whl", hash = "sha256:2da633a0bd1889f30acb1b6dffa99832739802d0ae5f455b4e5eb720ab701e09"},
    {file = "fastparquet-2023.10.1-cp38-cp38-manylinux_2_17_x86_64.manylinux2014_x86_64.whl", hash = "sha256:8aff041900ebcb4c2510bede80695fed35fb7c24dfd83b60ba8b56d7ede4e0fe"},
    {file = "fastparquet-2023.10.1-cp38-cp38-manylinux_2_5_i686.manylinux1_i686.manylinux_2_17_i686.manylinux2014_i686.whl", hash = "sha256:62aabf43b6bbbc074b89f9a4769f7276204b6585d2d8fae770a0b782da5b9fc9"},
    {file = "fastparquet-2023.10.1-cp38-cp38-musllinux_1_1_i686.whl", hash = "sha256:ba85d9e5c298515a347f94bc65c0b570391b344d765dc349bafb35137466ddb2"},
    {file = "fastparquet-2023.10.1-cp38-cp38-musllinux_1_1_x86_64.whl", hash = "sha256:2be7d33969e724c8aa777122d6032845a362cb2075f6e6f2c5b2150bd6223cc8"},
    {file = "fastparquet-2023.10.1-cp38-cp38-win_amd64.whl", hash = "sha256:2a0c1f485d3085fe98dbae9ead2e97a886deb99d3db7af635296bfd3f4f2f814"},
    {file = "fastparquet-2023.10.1-cp39-cp39-macosx_10_9_universal2.whl", hash = "sha256:1fac5319aabcbc4acc2feb5df68336de755de7d60a2ee9329fef178ac016e236"},
    {file = "fastparquet-2023.10.1-cp39-cp39-macosx_11_0_arm64.whl", hash = "sha256:c61d26705e9a2ad2d52ed1d527c75e96e6a9a04be35bd4c8d6f4accd778f9b05"},
    {file = "fastparquet-2023.10.1-cp39-cp39-manylinux_2_17_aarch64.manylinux2014_aarch64.whl", hash = "sha256:2635f0f37a983e35be9b8013b84361e3d0cdd4f514b822016445c029b1c6e007"},
    {file = "fastparquet-2023.10.1-cp39-cp39-manylinux_2_17_x86_64.manylinux2014_x86_64.whl", hash = "sha256:cde8f6798d37e2af38ada058fc7018c2157d90a8dd728c0c59fab85b8adb9215"},
    {file = "fastparquet-2023.10.1-cp39-cp39-manylinux_2_5_i686.manylinux1_i686.manylinux_2_17_i686.manylinux2014_i686.whl", hash = "sha256:20c17c5e7186723a175c9e7da94285bdef3cb477cb7cca0e2812b1e245279671"},
    {file = "fastparquet-2023.10.1-cp39-cp39-musllinux_1_1_i686.whl", hash = "sha256:91ee6b5b0efc18586e61da6662119de92fc7bf552c3a08a13eb2af16bc12f16a"},
    {file = "fastparquet-2023.10.1-cp39-cp39-musllinux_1_1_x86_64.whl", hash = "sha256:332cb3b204e1de64dcfc4c5d0b517ea665856d19c139f693e8c9efc11992e19e"},
    {file = "fastparquet-2023.10.1-cp39-cp39-win_amd64.whl", hash = "sha256:5eb06a70daf50d70290b87f3a5ca6f25eb24ad850bcc68197b5438d92b11c763"},
    {file = "fastparquet-2023.10.1.tar.gz", hash = "sha256:076fedfba2b56782b4823c1d351424425cfeaa5b8644c542416ca1363fe6d921"},
]

[package.dependencies]
cramjam = ">=2.3"
fsspec = "*"
numpy = ">=1.20.3"
packaging = "*"
pandas = ">=1.5.0"

[package.extras]
lzo = ["python-lzo"]

[[package]]
name = "fsspec"
version = "2023.12.2"
description = "File-system specification"
optional = false
python-versions = ">=3.8"
files = [
    {file = "fsspec-2023.12.2-py3-none-any.whl", hash = "sha256:d800d87f72189a745fa3d6b033b9dc4a34ad069f60ca60b943a63599f5501960"},
    {file = "fsspec-2023.12.2.tar.gz", hash = "sha256:8548d39e8810b59c38014934f6b31e57f40c1b20f911f4cc2b85389c7e9bf0cb"},
]

[package.extras]
abfs = ["adlfs"]
adl = ["adlfs"]
arrow = ["pyarrow (>=1)"]
dask = ["dask", "distributed"]
devel = ["pytest", "pytest-cov"]
dropbox = ["dropbox", "dropboxdrivefs", "requests"]
full = ["adlfs", "aiohttp (!=4.0.0a0,!=4.0.0a1)", "dask", "distributed", "dropbox", "dropboxdrivefs", "fusepy", "gcsfs", "libarchive-c", "ocifs", "panel", "paramiko", "pyarrow (>=1)", "pygit2", "requests", "s3fs", "smbprotocol", "tqdm"]
fuse = ["fusepy"]
gcs = ["gcsfs"]
git = ["pygit2"]
github = ["requests"]
gs = ["gcsfs"]
gui = ["panel"]
hdfs = ["pyarrow (>=1)"]
http = ["aiohttp (!=4.0.0a0,!=4.0.0a1)", "requests"]
libarchive = ["libarchive-c"]
oci = ["ocifs"]
s3 = ["s3fs"]
sftp = ["paramiko"]
smb = ["smbprotocol"]
ssh = ["paramiko"]
tqdm = ["tqdm"]

[[package]]
name = "numpy"
version = "1.26.3"
description = "Fundamental package for array computing in Python"
optional = false
python-versions = ">=3.9"
files = [
    {file = "numpy-1.26.3-cp310-cp310-macosx_10_9_x86_64.whl", hash = "sha256:806dd64230dbbfaca8a27faa64e2f414bf1c6622ab78cc4264f7f5f028fee3bf"},
    {file = "numpy-1.26.3-cp310-cp310-macosx_11_0_arm64.whl", hash = "sha256:02f98011ba4ab17f46f80f7f8f1c291ee7d855fcef0a5a98db80767a468c85cd"},
    {file = "numpy-1.26.3-cp310-cp310-manylinux_2_17_aarch64.manylinux2014_aarch64.whl", hash = "sha256:6d45b3ec2faed4baca41c76617fcdcfa4f684ff7a151ce6fc78ad3b6e85af0a6"},
    {file = "numpy-1.26.3-cp310-cp310-manylinux_2_17_x86_64.manylinux2014_x86_64.whl", hash = "sha256:bdd2b45bf079d9ad90377048e2747a0c82351989a2165821f0c96831b4a2a54b"},
    {file = "numpy-1.26.3-cp310-cp310-musllinux_1_1_aarch64.whl", hash = "sha256:211ddd1e94817ed2d175b60b6374120244a4dd2287f4ece45d49228b4d529178"},
    {file = "numpy-1.26.3-cp310-cp310-musllinux_1_1_x86_64.whl", hash = "sha256:b1240f767f69d7c4c8a29adde2310b871153df9b26b5cb2b54a561ac85146485"},
    {file = "numpy-1.26.3-cp310-cp310-win32.whl", hash = "sha256:21a9484e75ad018974a2fdaa216524d64ed4212e418e0a551a2d83403b0531d3"},
    {file = "numpy-1.26.3-cp310-cp310-win_amd64.whl", hash = "sha256:9e1591f6ae98bcfac2a4bbf9221c0b92ab49762228f38287f6eeb5f3f55905ce"},
    {file = "numpy-1.26.3-cp311-cp311-macosx_10_9_x86_64.whl", hash = "sha256:b831295e5472954104ecb46cd98c08b98b49c69fdb7040483aff799a755a7374"},
    {file = "numpy-1.26.3-cp311-cp311-macosx_11_0_arm64.whl", hash = "sha256:9e87562b91f68dd8b1c39149d0323b42e0082db7ddb8e934ab4c292094d575d6"},
    {file = "numpy-1.26.3-cp311-cp311-manylinux_2_17_aarch64.manylinux2014_aarch64.whl", hash = "sha256:8c66d6fec467e8c0f975818c1796d25c53521124b7cfb760114be0abad53a0a2"},
    {file = "numpy-1.26.3-cp311-cp311-manylinux_2_17_x86_64.manylinux2014_x86_64.whl", hash = "sha256:f25e2811a9c932e43943a2615e65fc487a0b6b49218899e62e426e7f0a57eeda"},
    {file = "numpy-1.26.3-cp311-cp311-musllinux_1_1_aarch64.whl", hash = "sha256:af36e0aa45e25c9f57bf684b1175e59ea05d9a7d3e8e87b7ae1a1da246f2767e"},
    {file = "numpy-1.26.3-cp311-cp311-musllinux_1_1_x86_64.whl", hash = "sha256:51c7f1b344f302067b02e0f5b5d2daa9ed4a721cf49f070280ac202738ea7f00"},
    {file = "numpy-1.26.3-cp311-cp311-win32.whl", hash = "sha256:7ca4f24341df071877849eb2034948459ce3a07915c2734f1abb4018d9c49d7b"},
    {file = "numpy-1.26.3-cp311-cp311-win_amd64.whl", hash = "sha256:39763aee6dfdd4878032361b30b2b12593fb445ddb66bbac802e2113eb8a6ac4"},
    {file = "numpy-1.26.3-cp312-cp312-macosx_10_9_x86_64.whl", hash = "sha256:a7081fd19a6d573e1a05e600c82a1c421011db7935ed0d5c483e9dd96b99cf13"},
    {file = "numpy-1.26.3-cp312-cp312-macosx_11_0_arm64.whl", hash = "sha256:12c70ac274b32bc00c7f61b515126c9205323703abb99cd41836e8125ea0043e"},
    {file = "numpy-1.26.3-cp312-cp312-manylinux_2_17_aarch64.manylinux2014_aarch64.whl", hash = "sha256:7f784e13e598e9594750b2ef6729bcd5a47f6cfe4a12cca13def35e06d8163e3"},
    {file = "numpy-1.26.3-cp312-cp312-manylinux_2_17_x86_64.manylinux2014_x86_64.whl", hash = "sha256:5f24750ef94d56ce6e33e4019a8a4d68cfdb1ef661a52cdaee628a56d2437419"},
    {file = "numpy-1.26.3-cp312-cp312-musllinux_1_1_aarch64.whl", hash = "sha256:77810ef29e0fb1d289d225cabb9ee6cf4d11978a00bb99f7f8ec2132a84e0166"},
    {file = "numpy-1.26.3-cp312-cp312-musllinux_1_1_x86_64.whl", hash = "sha256:8ed07a90f5450d99dad60d3799f9c03c6566709bd53b497eb9ccad9a55867f36"},
    {file = "numpy-1.26.3-cp312-cp312-win32.whl", hash = "sha256:f73497e8c38295aaa4741bdfa4fda1a5aedda5473074369eca10626835445511"},
    {file = "numpy-1.26.3-cp312-cp312-win_amd64.whl", hash = "sha256:da4b0c6c699a0ad73c810736303f7fbae483bcb012e38d7eb06a5e3b432c981b"},
    {file = "numpy-1.26.3-cp39-cp39-macosx_10_9_x86_64.whl", hash = "sha256:1666f634cb3c80ccbd77ec97bc17337718f56d6658acf5d3b906ca03e90ce87f"},
    {file = "numpy-1.26.3-cp39-cp39-macosx_11_0_arm64.whl", hash = "sha256:18c3319a7d39b2c6a9e3bb75aab2304ab79a811ac0168a671a62e6346c29b03f"},
    {file = "numpy-1.26.3-cp39-cp39-manylinux_2_17_aarch64.manylinux2014_aarch64.whl", hash = "sha256:0b7e807d6888da0db6e7e75838444d62495e2b588b99e90dd80c3459594e857b"},
    {file = "numpy-1.26.3-cp39-cp39-manylinux_2_17_x86_64.manylinux2014_x86_64.whl", hash = "sha256:b4d362e17bcb0011738c2d83e0a65ea8ce627057b2fdda37678f4374a382a137"},
    {file = "numpy-1.26.3-cp39-cp39-musllinux_1_1_aarch64.whl", hash = "sha256:b8c275f0ae90069496068c714387b4a0eba5d531aace269559ff2b43655edd58"},
    {file = "numpy-1.26.3-cp39-cp39-musllinux_1_1_x86_64.whl", hash = "sha256:cc0743f0302b94f397a4a65a660d4cd24267439eb16493fb3caad2e4389bccbb"},
    {file = "numpy-1.26.3-cp39-cp39-win32.whl", hash = "sha256:9bc6d1a7f8cedd519c4b7b1156d98e051b726bf160715b769106661d567b3f03"},
    {file = "numpy-1.26.3-cp39-cp39-win_amd64.whl", hash = "sha256:867e3644e208c8922a3be26fc6bbf112a035f50f0a86497f98f228c50c607bb2"},
    {file = "numpy-1.26.3-pp39-pypy39_pp73-macosx_10_9_x86_64.whl", hash = "sha256:3c67423b3703f8fbd90f5adaa37f85b5794d3366948efe9a5190a5f3a83fc34e"},
    {file = "numpy-1.26.3-pp39-pypy39_pp73-manylinux_2_17_x86_64.manylinux2014_x86_64.whl", hash = "sha256:46f47ee566d98849323f01b349d58f2557f02167ee301e5e28809a8c0e27a2d0"},
    {file = "numpy-1.26.3-pp39-pypy39_pp73-win_amd64.whl", hash = "sha256:a8474703bffc65ca15853d5fd4d06b18138ae90c17c8d12169968e998e448bb5"},
    {file = "numpy-1.26.3.tar.gz", hash = "sha256:697df43e2b6310ecc9d95f05d5ef20eacc09c7c4ecc9da3f235d39e71b7da1e4"},
]

[[package]]
name = "packaging"
version = "23.2"
description = "Core utilities for Python packages"
optional = false
python-versions = ">=3.7"
files = [
    {file = "packaging-23.2-py3-none-any.whl", hash = "sha256:8c491190033a9af7e1d931d0b5dacc2ef47509b34dd0de67ed209b5203fc88c7"},
    {file = "packaging-23.2.tar.gz", hash = "sha256:048fb0e9405036518eaaf48a55953c750c11e1a1b68e0dd1a9d62ed0c092cfc5"},
]

[[package]]
name = "pandas"
version = "2.1.4"
description = "Powerful data structures for data analysis, time series, and statistics"
optional = false
python-versions = ">=3.9"
files = [
    {file = "pandas-2.1.4-cp310-cp310-macosx_10_9_x86_64.whl", hash = "sha256:bdec823dc6ec53f7a6339a0e34c68b144a7a1fd28d80c260534c39c62c5bf8c9"},
    {file = "pandas-2.1.4-cp310-cp310-macosx_11_0_arm64.whl", hash = "sha256:294d96cfaf28d688f30c918a765ea2ae2e0e71d3536754f4b6de0ea4a496d034"},
    {file = "pandas-2.1.4-cp310-cp310-manylinux_2_17_aarch64.manylinux2014_aarch64.whl", hash = "sha256:6b728fb8deba8905b319f96447a27033969f3ea1fea09d07d296c9030ab2ed1d"},
    {file = "pandas-2.1.4-cp310-cp310-manylinux_2_17_x86_64.manylinux2014_x86_64.whl", hash = "sha256:00028e6737c594feac3c2df15636d73ace46b8314d236100b57ed7e4b9ebe8d9"},
    {file = "pandas-2.1.4-cp310-cp310-musllinux_1_1_x86_64.whl", hash = "sha256:426dc0f1b187523c4db06f96fb5c8d1a845e259c99bda74f7de97bd8a3bb3139"},
    {file = "pandas-2.1.4-cp310-cp310-win_amd64.whl", hash = "sha256:f237e6ca6421265643608813ce9793610ad09b40154a3344a088159590469e46"},
    {file = "pandas-2.1.4-cp311-cp311-macosx_10_9_x86_64.whl", hash = "sha256:b7d852d16c270e4331f6f59b3e9aa23f935f5c4b0ed2d0bc77637a8890a5d092"},
    {file = "pandas-2.1.4-cp311-cp311-macosx_11_0_arm64.whl", hash = "sha256:bd7d5f2f54f78164b3d7a40f33bf79a74cdee72c31affec86bfcabe7e0789821"},
    {file = "pandas-2.1.4-cp311-cp311-manylinux_2_17_aarch64.manylinux2014_aarch64.whl", hash = "sha256:0aa6e92e639da0d6e2017d9ccff563222f4eb31e4b2c3cf32a2a392fc3103c0d"},
    {file = "pandas-2.1.4-cp311-cp311-manylinux_2_17_x86_64.manylinux2014_x86_64.whl", hash = "sha256:d797591b6846b9db79e65dc2d0d48e61f7db8d10b2a9480b4e3faaddc421a171"},
    {file = "pandas-2.1.4-cp311-cp311-musllinux_1_1_x86_64.whl", hash = "sha256:d2d3e7b00f703aea3945995ee63375c61b2e6aa5aa7871c5d622870e5e137623"},
    {file = "pandas-2.1.4-cp311-cp311-win_amd64.whl", hash = "sha256:dc9bf7ade01143cddc0074aa6995edd05323974e6e40d9dbde081021ded8510e"},
    {file = "pandas-2.1.4-cp312-cp312-macosx_10_9_x86_64.whl", hash = "sha256:482d5076e1791777e1571f2e2d789e940dedd927325cc3cb6d0800c6304082f6"},
    {file = "pandas-2.1.4-cp312-cp312-macosx_11_0_arm64.whl", hash = "sha256:8a706cfe7955c4ca59af8c7a0517370eafbd98593155b48f10f9811da440248b"},
    {file = "pandas-2.1.4-cp312-cp312-manylinux_2_17_aarch64.manylinux2014_aarch64.whl", hash = "sha256:b0513a132a15977b4a5b89aabd304647919bc2169eac4c8536afb29c07c23540"},
    {file = "pandas-2.1.4-cp312-cp312-manylinux_2_17_x86_64.manylinux2014_x86_64.whl", hash = "sha256:e9f17f2b6fc076b2a0078862547595d66244db0f41bf79fc5f64a5c4d635bead"},
    {file = "pandas-2.1.4-cp312-cp312-musllinux_1_1_x86_64.whl", hash = "sha256:45d63d2a9b1b37fa6c84a68ba2422dc9ed018bdaa668c7f47566a01188ceeec1"},
    {file = "pandas-2.1.4-cp312-cp312-win_amd64.whl", hash = "sha256:f69b0c9bb174a2342818d3e2778584e18c740d56857fc5cdb944ec8bbe4082cf"},
    {file = "pandas-2.1.4-cp39-cp39-macosx_10_9_x86_64.whl", hash = "sha256:3f06bda01a143020bad20f7a85dd5f4a1600112145f126bc9e3e42077c24ef34"},
    {file = "pandas-2.1.4-cp39-cp39-macosx_11_0_arm64.whl", hash = "sha256:ab5796839eb1fd62a39eec2916d3e979ec3130509930fea17fe6f81e18108f6a"},
    {file = "pandas-2.1.4-cp39-cp39-manylinux_2_17_aarch64.manylinux2014_aarch64.whl", hash = "sha256:edbaf9e8d3a63a9276d707b4d25930a262341bca9874fcb22eff5e3da5394732"},
    {file = "pandas-2.1.4-cp39-cp39-manylinux_2_17_x86_64.manylinux2014_x86_64.whl", hash = "sha256:1ebfd771110b50055712b3b711b51bee5d50135429364d0498e1213a7adc2be8"},
    {file = "pandas-2.1.4-cp39-cp39-musllinux_1_1_x86_64.whl", hash = "sha256:8ea107e0be2aba1da619cc6ba3f999b2bfc9669a83554b1904ce3dd9507f0860"},
    {file = "pandas-2.1.4-cp39-cp39-win_amd64.whl", hash = "sha256:d65148b14788b3758daf57bf42725caa536575da2b64df9964c563b015230984"},
    {file = "pandas-2.1.4.tar.gz", hash = "sha256:fcb68203c833cc735321512e13861358079a96c174a61f5116a1de89c58c0ef7"},
]

[package.dependencies]
numpy = [
    {version = ">=1.22.4,<2", markers = "python_version < \"3.11\""},
    {version = ">=1.23.2,<2", markers = "python_version == \"3.11\""},
    {version = ">=1.26.0,<2", markers = "python_version >= \"3.12\""},
]
python-dateutil = ">=2.8.2"
pytz = ">=2020.1"
tzdata = ">=2022.1"

[package.extras]
all = ["PyQt5 (>=5.15.6)", "SQLAlchemy (>=1.4.36)", "beautifulsoup4 (>=4.11.1)", "bottleneck (>=1.3.4)", "dataframe-api-compat (>=0.1.7)", "fastparquet (>=0.8.1)", "fsspec (>=2022.05.0)", "gcsfs (>=2022.05.0)", "html5lib (>=1.1)", "hypothesis (>=6.46.1)", "jinja2 (>=3.1.2)", "lxml (>=4.8.0)", "matplotlib (>=3.6.1)", "numba (>=0.55.2)", "numexpr (>=2.8.0)", "odfpy (>=1.4.1)", "openpyxl (>=3.0.10)", "pandas-gbq (>=0.17.5)", "psycopg2 (>=2.9.3)", "pyarrow (>=7.0.0)", "pymysql (>=1.0.2)", "pyreadstat (>=1.1.5)", "pytest (>=7.3.2)", "pytest-xdist (>=2.2.0)", "pyxlsb (>=1.0.9)", "qtpy (>=2.2.0)", "s3fs (>=2022.05.0)", "scipy (>=1.8.1)", "tables (>=3.7.0)", "tabulate (>=0.8.10)", "xarray (>=2022.03.0)", "xlrd (>=2.0.1)", "xlsxwriter (>=3.0.3)", "zstandard (>=0.17.0)"]
aws = ["s3fs (>=2022.05.0)"]
clipboard = ["PyQt5 (>=5.15.6)", "qtpy (>=2.2.0)"]
compression = ["zstandard (>=0.17.0)"]
computation = ["scipy (>=1.8.1)", "xarray (>=2022.03.0)"]
consortium-standard = ["dataframe-api-compat (>=0.1.7)"]
excel = ["odfpy (>=1.4.1)", "openpyxl (>=3.0.10)", "pyxlsb (>=1.0.9)", "xlrd (>=2.0.1)", "xlsxwriter (>=3.0.3)"]
feather = ["pyarrow (>=7.0.0)"]
fss = ["fsspec (>=2022.05.0)"]
gcp = ["gcsfs (>=2022.05.0)", "pandas-gbq (>=0.17.5)"]
hdf5 = ["tables (>=3.7.0)"]
html = ["beautifulsoup4 (>=4.11.1)", "html5lib (>=1.1)", "lxml (>=4.8.0)"]
mysql = ["SQLAlchemy (>=1.4.36)", "pymysql (>=1.0.2)"]
output-formatting = ["jinja2 (>=3.1.2)", "tabulate (>=0.8.10)"]
parquet = ["pyarrow (>=7.0.0)"]
performance = ["bottleneck (>=1.3.4)", "numba (>=0.55.2)", "numexpr (>=2.8.0)"]
plot = ["matplotlib (>=3.6.1)"]
postgresql = ["SQLAlchemy (>=1.4.36)", "psycopg2 (>=2.9.3)"]
spss = ["pyreadstat (>=1.1.5)"]
sql-other = ["SQLAlchemy (>=1.4.36)"]
test = ["hypothesis (>=6.46.1)", "pytest (>=7.3.2)", "pytest-xdist (>=2.2.0)"]
xml = ["lxml (>=4.8.0)"]

[[package]]
name = "pyside6"
version = "6.6.1"
description = "Python bindings for the Qt cross-platform application and UI framework"
optional = false
python-versions = "<3.13,>=3.8"
files = [
    {file = "PySide6-6.6.1-cp38-abi3-macosx_11_0_universal2.whl", hash = "sha256:3c348948fe3957b18164c9c7b8942fe065bdb39648b326f212bc114326679fa9"},
    {file = "PySide6-6.6.1-cp38-abi3-manylinux_2_28_x86_64.whl", hash = "sha256:0a67587c088cb80e90d4ce3023b02466ea858c93a6dc9c4e062b13314e03d464"},
    {file = "PySide6-6.6.1-cp38-abi3-manylinux_2_31_aarch64.whl", hash = "sha256:ed3822150f0d7a06b68bf4ceebe287515b5e8309bb256e9b49ae405afd062b18"},
    {file = "PySide6-6.6.1-cp38-abi3-win_amd64.whl", hash = "sha256:3593d605175e83e6952cf3b428ecc9c146af97effb36de921ecf3da2752de082"},
]

[package.dependencies]
PySide6-Addons = "6.6.1"
PySide6-Essentials = "6.6.1"
shiboken6 = "6.6.1"

[[package]]
name = "pyside6-addons"
version = "6.6.1"
description = "Python bindings for the Qt cross-platform application and UI framework (Addons)"
optional = false
python-versions = "<3.13,>=3.8"
files = [
    {file = "PySide6_Addons-6.6.1-cp38-abi3-macosx_11_0_universal2.whl", hash = "sha256:7cb7af1b050c40f7ac891b0e61c758c1923863173932f5b92dc47bdfb4158b42"},
    {file = "PySide6_Addons-6.6.1-cp38-abi3-manylinux_2_28_x86_64.whl", hash = "sha256:a0982da4033319667f9df5ed6fa8eff300a88216aec103a1fff6751a172b19a0"},
    {file = "PySide6_Addons-6.6.1-cp38-abi3-manylinux_2_31_aarch64.whl", hash = "sha256:5a63a8a943724ce5acd2df72e5ab04982b6906963278cbabb216656b9a26ee18"},
    {file = "PySide6_Addons-6.6.1-cp38-abi3-win_amd64.whl", hash = "sha256:a223575c81e9a13173136c044c3447e25f6d656b462b4d71fc3c6bd9c935a709"},
]

[package.dependencies]
PySide6-Essentials = "6.6.1"
shiboken6 = "6.6.1"

[[package]]
name = "pyside6-essentials"
version = "6.6.1"
description = "Python bindings for the Qt cross-platform application and UI framework (Essentials)"
optional = false
python-versions = "<3.13,>=3.8"
files = [
    {file = "PySide6_Essentials-6.6.1-cp38-abi3-macosx_11_0_universal2.whl", hash = "sha256:0c8917b15236956957178a8c9854641b12b11dad79ba0caf26147119164c30cf"},
    {file = "PySide6_Essentials-6.6.1-cp38-abi3-manylinux_2_28_x86_64.whl", hash = "sha256:c7185616083eab6f42eaed598d97d49fac4f60ae2e7415194140d54f58c2b42c"},
    {file = "PySide6_Essentials-6.6.1-cp38-abi3-manylinux_2_31_aarch64.whl", hash = "sha256:a383c3d60298392cfb621ec1a0cf24b4799321e6c5bbafc021d4cc8076ea1315"},
    {file = "PySide6_Essentials-6.6.1-cp38-abi3-win_amd64.whl", hash = "sha256:13da926e9e9ee3e26e3f66883a9d5e43726ddee70cdabddca02a07aa1ccf9484"},
]

[package.dependencies]
shiboken6 = "6.6.1"

[[package]]
name = "python-dateutil"
version = "2.8.2"
description = "Extensions to the standard Python datetime module"
optional = false
python-versions = "!=3.0.*,!=3.1.*,!=3.2.*,>=2.7"
files = [
    {file = "python-dateutil-2.8.2.tar.gz", hash = "sha256:0123cacc1627ae19ddf3c27a5de5bd67ee4586fbdd6440d9748f8abb483d3e86"},
    {file = "python_dateutil-2.8.2-py2.py3-none-any.whl", hash = "sha256:961d03dc3453ebbc59dbdea9e4e11c5651520a876d0f4db161e8674aae935da9"},
]

[package.dependencies]
six = ">=1.5"

[[package]]
name = "pytz"
version = "2023.3.post1"
description = "World timezone definitions, modern and historical"
optional = false
python-versions = "*"
files = [
    {file = "pytz-2023.3.post1-py2.py3-none-any.whl", hash = "sha256:ce42d816b81b68506614c11e8937d3aa9e41007ceb50bfdcb0749b921bf646c7"},
    {file = "pytz-2023.3.post1.tar.gz", hash = "sha256:7b4fddbeb94a1eba4b557da24f19fdf9db575192544270a9101d8509f9f43d7b"},
]

[[package]]
name = "shiboken6"
version = "6.6.1"
description = "Python/C++ bindings helper module"
optional = false
python-versions = "<3.13,>=3.8"
files = [
    {file = "shiboken6-6.6.1-cp38-abi3-macosx_11_0_universal2.whl", hash = "sha256:d756fd1fa945b787e8eef142f2eb571da0b4c4dc2f2eec1a7c12a474a2cf84e4"},
    {file = "shiboken6-6.6.1-cp38-abi3-manylinux_2_28_x86_64.whl", hash = "sha256:fb102e4bc210006f0cdd0ce38e1aaaaf792bd871f02a2b3f01d07922c5cf4c59"},
    {file = "shiboken6-6.6.1-cp38-abi3-manylinux_2_31_aarch64.whl", hash = "sha256:a605960e72af5eef915991cee7eef4cc72f5cabe63b9ae1a955ceb3d3b0a00b9"},
    {file = "shiboken6-6.6.1-cp38-abi3-win_amd64.whl", hash = "sha256:072c35c4fe46ec13b364d9dc47b055bb2277ee3aeaab18c23650280ec362f62a"},
]

[[package]]
name = "six"
version = "1.16.0"
description = "Python 2 and 3 compatibility utilities"
optional = false
python-versions = ">=2.7, !=3.0.*, !=3.1.*, !=3.2.*"
files = [
    {file = "six-1.16.0-py2.py3-none-any.whl", hash = "sha256:8abb2f1d86890a2dfb989f9a77cfcfd3e47c2a354b01111771326f8aa26e0254"},
    {file = "six-1.16.0.tar.gz", hash = "sha256:1e61c37477a1626458e36f7b1d82aa5c9b094fa4802892072e49de9c60c4c926"},
]

[[package]]
name = "tzdata"
version = "2023.4"
description = "Provider of IANA time zone data"
optional = false
python-versions = ">=2"
files = [
    {file = "tzdata-2023.4-py2.py3-none-any.whl", hash = "sha256:aa3ace4329eeacda5b7beb7ea08ece826c28d761cda36e747cfbf97996d39bf3"},
    {file = "tzdata-2023.4.tar.gz", hash = "sha256:dd54c94f294765522c77399649b4fefd95522479a664a0cec87f41bebc6148c9"},
]

[metadata]
lock-version = "2.0"
python-versions = ">=3.10,<3.13"
content-hash = "a5a4d48c863136f005173685f81b692144edabff76975557535141185f99d002"
